<?xml version="1.0" encoding="utf-8"?>
<Project ToolsVersion="17.0" xmlns="http://schemas.microsoft.com/developer/msbuild/2003">
  <ItemGroup>
    <ClCompile Include="C:\Users\Administrator\Downloads\BookCpp-master\Kalkulator\src\main.cpp">
      <Filter>Source Files</Filter>
    </ClCompile>
  </ItemGroup>
  <ItemGroup>
    <CustomBuild Include="C:\Users\Administrator\Downloads\BookCpp-master\Kalkulator\CMakeLists.txt" />
  </ItemGroup>
  <ItemGroup>
    <Filter Include="Header Files">
      <UniqueIdentifier>{017A0E82-47A5-3A4E-8A17-821E18F74B50}</UniqueIdentifier>
    </Filter>
    <Filter Include="Source Files">
      <UniqueIdentifier>{AED41D6F-3A16-3106-A3FB-1CBB3662B4A3}</UniqueIdentifier>
    </Filter>
  </ItemGroup>
  <ItemGroup>
    <ClInclude Include="include\Calc.h">
      <Filter>Header Files</Filter>
    </ClInclude>
    <ClInclude Include="include\Table.h">
      <Filter>Header Files</Filter>
    </ClInclude>
    <ClInclude Include="include\polynomials.h">
      <Filter>Header Files</Filter>
    </ClInclude>
  </ItemGroup>
</Project>